// !$*UTF8*$!
{
	archiveVersion = 1;
	classes = {
	};
	objectVersion = 50;
	objects = {

/* Begin PBXBuildFile section */
		F0447B78224A5D1900B57D98 /* main.cpp in Sources */ = {isa = PBXBuildFile; fileRef = F0447B77224A5D1900B57D98 /* main.cpp */; };
		F06224F923671B1600C13695 /* convtool.cpp in Sources */ = {isa = PBXBuildFile; fileRef = F06224F823671B1600C13695 /* convtool.cpp */; };
		F077F316235D62E80054FC47 /* handclap.cpp in Sources */ = {isa = PBXBuildFile; fileRef = F077F314235D62E80054FC47 /* handclap.cpp */; };
		F077F319235D63210054FC47 /* acsound.cpp in Sources */ = {isa = PBXBuildFile; fileRef = F077F318235D63210054FC47 /* acsound.cpp */; };
		F077F31C235D64E90054FC47 /* highonlife.cpp in Sources */ = {isa = PBXBuildFile; fileRef = F077F31A235D64E90054FC47 /* highonlife.cpp */; };
		F0A7CC9023117543007AB3DE /* cores.cpp in Sources */ = {isa = PBXBuildFile; fileRef = F0A7CC8E23117543007AB3DE /* cores.cpp */; };
		F0A7CC9323117628007AB3DE /* gpphelper.cpp in Sources */ = {isa = PBXBuildFile; fileRef = F0A7CC9123117628007AB3DE /* gpphelper.cpp */; };
		F0A7CC9623117671007AB3DE /* openhelper.cpp in Sources */ = {isa = PBXBuildFile; fileRef = F0A7CC9523117671007AB3DE /* openhelper.cpp */; };
		F0A7CCE62312935B007AB3DE /* soundkill.cpp in Sources */ = {isa = PBXBuildFile; fileRef = F0A7CCE52312935B007AB3DE /* soundkill.cpp */; };
		F0DCF34E2339AAF400F30416 /* irrlib.cpp in Sources */ = {isa = PBXBuildFile; fileRef = F0DCF34D2339AAF400F30416 /* irrlib.cpp */; };
		F0DCF3642339CCA500F30416 /* soundsetup.cpp in Sources */ = {isa = PBXBuildFile; fileRef = F0DCF3622339CCA400F30416 /* soundsetup.cpp */; };
/* End PBXBuildFile section */

/* Begin PBXCopyFilesBuildPhase section */
		F0447B72224A5D1900B57D98 /* CopyFiles */ = {
			isa = PBXCopyFilesBuildPhase;
			buildActionMask = 2147483647;
			dstPath = /usr/share/man/man1/;
			dstSubfolderSpec = 0;
			files = (
			);
			runOnlyForDeploymentPostprocessing = 1;
		};
/* End PBXCopyFilesBuildPhase section */

/* Begin PBXFileReference section */
		F0447B74224A5D1900B57D98 /* HomeworkVerify */ = {isa = PBXFileReference; explicitFileType = "compiled.mach-o.executable"; includeInIndex = 0; path = HomeworkVerify; sourceTree = BUILT_PRODUCTS_DIR; };
		F0447B77224A5D1900B57D98 /* main.cpp */ = {isa = PBXFileReference; lastKnownFileType = sourcecode.cpp.cpp; path = main.cpp; sourceTree = "<group>"; };
		F06224F723671B1600C13695 /* convtool.hpp */ = {isa = PBXFileReference; fileEncoding = 4; lastKnownFileType = sourcecode.cpp.h; path = convtool.hpp; sourceTree = "<group>"; };
		F06224F823671B1600C13695 /* convtool.cpp */ = {isa = PBXFileReference; fileEncoding = 4; lastKnownFileType = sourcecode.cpp.cpp; path = convtool.cpp; sourceTree = "<group>"; };
		F077F314235D62E80054FC47 /* handclap.cpp */ = {isa = PBXFileReference; fileEncoding = 4; lastKnownFileType = sourcecode.cpp.cpp; path = handclap.cpp; sourceTree = "<group>"; };
		F077F315235D62E80054FC47 /* handclap.hpp */ = {isa = PBXFileReference; fileEncoding = 4; lastKnownFileType = sourcecode.cpp.h; path = handclap.hpp; sourceTree = "<group>"; };
		F077F317235D63210054FC47 /* acsound.hpp */ = {isa = PBXFileReference; fileEncoding = 4; lastKnownFileType = sourcecode.cpp.h; path = acsound.hpp; sourceTree = "<group>"; };
		F077F318235D63210054FC47 /* acsound.cpp */ = {isa = PBXFileReference; fileEncoding = 4; lastKnownFileType = sourcecode.cpp.cpp; path = acsound.cpp; sourceTree = "<group>"; };
		F077F31A235D64E90054FC47 /* highonlife.cpp */ = {isa = PBXFileReference; fileEncoding = 4; lastKnownFileType = sourcecode.cpp.cpp; path = highonlife.cpp; sourceTree = "<group>"; };
		F077F31B235D64E90054FC47 /* highonlife.hpp */ = {isa = PBXFileReference; fileEncoding = 4; lastKnownFileType = sourcecode.cpp.h; path = highonlife.hpp; sourceTree = "<group>"; };
		F0A7CC8E23117543007AB3DE /* cores.cpp */ = {isa = PBXFileReference; fileEncoding = 4; lastKnownFileType = sourcecode.cpp.cpp; path = cores.cpp; sourceTree = "<group>"; };
		F0A7CC8F23117543007AB3DE /* cores.hpp */ = {isa = PBXFileReference; fileEncoding = 4; lastKnownFileType = sourcecode.cpp.h; path = cores.hpp; sourceTree = "<group>"; };
		F0A7CC9123117628007AB3DE /* gpphelper.cpp */ = {isa = PBXFileReference; fileEncoding = 4; lastKnownFileType = sourcecode.cpp.cpp; path = gpphelper.cpp; sourceTree = "<group>"; };
		F0A7CC9223117628007AB3DE /* gpphelper.hpp */ = {isa = PBXFileReference; fileEncoding = 4; lastKnownFileType = sourcecode.cpp.h; path = gpphelper.hpp; sourceTree = "<group>"; };
		F0A7CC9423117671007AB3DE /* openhelper.hpp */ = {isa = PBXFileReference; fileEncoding = 4; lastKnownFileType = sourcecode.cpp.h; path = openhelper.hpp; sourceTree = "<group>"; };
		F0A7CC9523117671007AB3DE /* openhelper.cpp */ = {isa = PBXFileReference; fileEncoding = 4; lastKnownFileType = sourcecode.cpp.cpp; path = openhelper.cpp; sourceTree = "<group>"; };
		F0A7CCB123117E59007AB3DE /* libirrklang.dylib */ = {isa = PBXFileReference; lastKnownFileType = "compiled.mach-o.dylib"; path = libirrklang.dylib; sourceTree = "<group>"; };
		F0A7CCE42312935B007AB3DE /* soundkill.hpp */ = {isa = PBXFileReference; fileEncoding = 4; lastKnownFileType = sourcecode.cpp.h; path = soundkill.hpp; sourceTree = "<group>"; };
		F0A7CCE52312935B007AB3DE /* soundkill.cpp */ = {isa = PBXFileReference; fileEncoding = 4; lastKnownFileType = sourcecode.cpp.cpp; path = soundkill.cpp; sourceTree = "<group>"; };
		F0DCF34C2339AAF400F30416 /* irrlib.hpp */ = {isa = PBXFileReference; fileEncoding = 4; lastKnownFileType = sourcecode.cpp.h; path = irrlib.hpp; sourceTree = "<group>"; };
		F0DCF34D2339AAF400F30416 /* irrlib.cpp */ = {isa = PBXFileReference; fileEncoding = 4; lastKnownFileType = sourcecode.cpp.cpp; path = irrlib.cpp; sourceTree = "<group>"; };
		F0DCF3622339CCA400F30416 /* soundsetup.cpp */ = {isa = PBXFileReference; fileEncoding = 4; lastKnownFileType = sourcecode.cpp.cpp; path = soundsetup.cpp; sourceTree = "<group>"; };
		F0DCF3632339CCA500F30416 /* soundsetup.hpp */ = {isa = PBXFileReference; fileEncoding = 4; lastKnownFileType = sourcecode.cpp.h; path = soundsetup.hpp; sourceTree = "<group>"; };
/* End PBXFileReference section */

/* Begin PBXFrameworksBuildPhase section */
		F0447B71224A5D1900B57D98 /* Frameworks */ = {
			isa = PBXFrameworksBuildPhase;
			buildActionMask = 2147483647;
			files = (
			);
			runOnlyForDeploymentPostprocessing = 0;
		};
/* End PBXFrameworksBuildPhase section */

/* Begin PBXGroup section */
		F0447B6B224A5D1900B57D98 = {
			isa = PBXGroup;
			children = (
				F0447B76224A5D1900B57D98 /* HomeworkVerify */,
				F0447B75224A5D1900B57D98 /* Products */,
				F0A7CCB023117E59007AB3DE /* Frameworks */,
			);
			sourceTree = "<group>";
		};
		F0447B75224A5D1900B57D98 /* Products */ = {
			isa = PBXGroup;
			children = (
				F0447B74224A5D1900B57D98 /* HomeworkVerify */,
			);
			name = Products;
			sourceTree = "<group>";
		};
		F0447B76224A5D1900B57D98 /* HomeworkVerify */ = {
			isa = PBXGroup;
			children = (
				F0447B77224A5D1900B57D98 /* main.cpp */,
				F080189A224EFB4900F2B74D /* Resources */,
			);
			path = HomeworkVerify;
			sourceTree = "<group>";
		};
		F080189A224EFB4900F2B74D /* Resources */ = {
			isa = PBXGroup;
			children = (
				F06224F823671B1600C13695 /* convtool.cpp */,
				F06224F723671B1600C13695 /* convtool.hpp */,
				F077F318235D63210054FC47 /* acsound.cpp */,
				F077F317235D63210054FC47 /* acsound.hpp */,
				F077F314235D62E80054FC47 /* handclap.cpp */,
				F077F315235D62E80054FC47 /* handclap.hpp */,
				F077F31A235D64E90054FC47 /* highonlife.cpp */,
				F077F31B235D64E90054FC47 /* highonlife.hpp */,
				F0A7CC8E23117543007AB3DE /* cores.cpp */,
				F0A7CC8F23117543007AB3DE /* cores.hpp */,
				F0A7CC9123117628007AB3DE /* gpphelper.cpp */,
				F0A7CC9223117628007AB3DE /* gpphelper.hpp */,
				F0A7CC9523117671007AB3DE /* openhelper.cpp */,
				F0A7CC9423117671007AB3DE /* openhelper.hpp */,
				F0A7CCE52312935B007AB3DE /* soundkill.cpp */,
				F0A7CCE42312935B007AB3DE /* soundkill.hpp */,
				F0DCF34D2339AAF400F30416 /* irrlib.cpp */,
				F0DCF34C2339AAF400F30416 /* irrlib.hpp */,
				F0DCF3622339CCA400F30416 /* soundsetup.cpp */,
				F0DCF3632339CCA500F30416 /* soundsetup.hpp */,
			);
			path = Resources;
			sourceTree = "<group>";
		};
		F0A7CCB023117E59007AB3DE /* Frameworks */ = {
			isa = PBXGroup;
			children = (
				F0A7CCB123117E59007AB3DE /* libirrklang.dylib */,
			);
			name = Frameworks;
			sourceTree = "<group>";
		};
/* End PBXGroup section */

/* Begin PBXNativeTarget section */
		F0447B73224A5D1900B57D98 /* HomeworkVerify */ = {
			isa = PBXNativeTarget;
			buildConfigurationList = F0447B7B224A5D1900B57D98 /* Build configuration list for PBXNativeTarget "HomeworkVerify" */;
			buildPhases = (
				F0447B70224A5D1900B57D98 /* Sources */,
				F0447B71224A5D1900B57D98 /* Frameworks */,
				F0447B72224A5D1900B57D98 /* CopyFiles */,
			);
			buildRules = (
			);
			dependencies = (
			);
			name = HomeworkVerify;
			productName = HomeworkVerify;
			productReference = F0447B74224A5D1900B57D98 /* HomeworkVerify */;
			productType = "com.apple.product-type.tool";
		};
/* End PBXNativeTarget section */

/* Begin PBXProject section */
		F0447B6C224A5D1900B57D98 /* Project object */ = {
			isa = PBXProject;
			attributes = {
				LastUpgradeCheck = 1010;
				ORGANIZATIONNAME = LegitMichel777;
				TargetAttributes = {
					F0447B73224A5D1900B57D98 = {
						CreatedOnToolsVersion = 10.1;
					};
				};
			};
			buildConfigurationList = F0447B6F224A5D1900B57D98 /* Build configuration list for PBXProject "HomeworkVerify" */;
			compatibilityVersion = "Xcode 9.3";
			developmentRegion = en;
			hasScannedForEncodings = 0;
			knownRegions = (
				en,
			);
			mainGroup = F0447B6B224A5D1900B57D98;
			productRefGroup = F0447B75224A5D1900B57D98 /* Products */;
			projectDirPath = "";
			projectRoot = "";
			targets = (
				F0447B73224A5D1900B57D98 /* HomeworkVerify */,
			);
		};
/* End PBXProject section */

/* Begin PBXSourcesBuildPhase section */
		F0447B70224A5D1900B57D98 /* Sources */ = {
			isa = PBXSourcesBuildPhase;
			buildActionMask = 2147483647;
			files = (
				F077F31C235D64E90054FC47 /* highonlife.cpp in Sources */,
				F077F319235D63210054FC47 /* acsound.cpp in Sources */,
				F0A7CC9023117543007AB3DE /* cores.cpp in Sources */,
				F0A7CC9623117671007AB3DE /* openhelper.cpp in Sources */,
				F0A7CCE62312935B007AB3DE /* soundkill.cpp in Sources */,
				F077F316235D62E80054FC47 /* handclap.cpp in Sources */,
				F0447B78224A5D1900B57D98 /* main.cpp in Sources */,
				F0A7CC9323117628007AB3DE /* gpphelper.cpp in Sources */,
				F0DCF3642339CCA500F30416 /* soundsetup.cpp in Sources */,
				F06224F923671B1600C13695 /* convtool.cpp in Sources */,
				F0DCF34E2339AAF400F30416 /* irrlib.cpp in Sources */,
			);
			runOnlyForDeploymentPostprocessing = 0;
		};
/* End PBXSourcesBuildPhase section */

/* Begin XCBuildConfiguration section */
		F0447B79224A5D1900B57D98 /* Debug */ = {
			isa = XCBuildConfiguration;
			buildSettings = {
				ALWAYS_SEARCH_USER_PATHS = NO;
				CLANG_ANALYZER_NONNULL = YES;
				CLANG_ANALYZER_NUMBER_OBJECT_CONVERSION = YES_AGGRESSIVE;
				CLANG_CXX_LANGUAGE_STANDARD = "gnu++14";
				CLANG_CXX_LIBRARY = "libc++";
				CLANG_ENABLE_MODULES = YES;
				CLANG_ENABLE_OBJC_ARC = YES;
				CLANG_ENABLE_OBJC_WEAK = YES;
				CLANG_WARN_BLOCK_CAPTURE_AUTORELEASING = YES;
				CLANG_WARN_BOOL_CONVERSION = YES;
				CLANG_WARN_COMMA = YES;
				CLANG_WARN_CONSTANT_CONVERSION = YES;
				CLANG_WARN_DEPRECATED_OBJC_IMPLEMENTATIONS = YES;
				CLANG_WARN_DIRECT_OBJC_ISA_USAGE = YES_ERROR;
				CLANG_WARN_DOCUMENTATION_COMMENTS = YES;
				CLANG_WARN_EMPTY_BODY = YES;
				CLANG_WARN_ENUM_CONVERSION = YES;
				CLANG_WARN_INFINITE_RECURSION = YES;
				CLANG_WARN_INT_CONVERSION = YES;
				CLANG_WARN_NON_LITERAL_NULL_CONVERSION = YES;
				CLANG_WARN_OBJC_IMPLICIT_RETAIN_SELF = YES;
				CLANG_WARN_OBJC_LITERAL_CONVERSION = YES;
				CLANG_WARN_OBJC_ROOT_CLASS = YES_ERROR;
				CLANG_WARN_RANGE_LOOP_ANALYSIS = YES;
				CLANG_WARN_STRICT_PROTOTYPES = YES;
				CLANG_WARN_SUSPICIOUS_MOVE = YES;
				CLANG_WARN_UNGUARDED_AVAILABILITY = YES_AGGRESSIVE;
				CLANG_WARN_UNREACHABLE_CODE = YES;
				CLANG_WARN__DUPLICATE_METHOD_MATCH = YES;
				CODE_SIGN_IDENTITY = "-";
				COPY_PHASE_STRIP = NO;
				DEBUG_INFORMATION_FORMAT = dwarf;
				ENABLE_STRICT_OBJC_MSGSEND = YES;
				ENABLE_TESTABILITY = YES;
				GCC_C_LANGUAGE_STANDARD = gnu11;
				GCC_DYNAMIC_NO_PIC = NO;
				GCC_NO_COMMON_BLOCKS = YES;
				GCC_OPTIMIZATION_LEVEL = 0;
				GCC_PREPROCESSOR_DEFINITIONS = (
					"DEBUG=1",
					"$(inherited)",
				);
				GCC_WARN_64_TO_32_BIT_CONVERSION = YES;
				GCC_WARN_ABOUT_RETURN_TYPE = YES_ERROR;
				GCC_WARN_UNDECLARED_SELECTOR = YES;
				GCC_WARN_UNINITIALIZED_AUTOS = YES_AGGRESSIVE;
				GCC_WARN_UNUSED_FUNCTION = YES;
				GCC_WARN_UNUSED_VARIABLE = YES;
				MACOSX_DEPLOYMENT_TARGET = 10.14;
				MTL_ENABLE_DEBUG_INFO = INCLUDE_SOURCE;
				MTL_FAST_MATH = YES;
				ONLY_ACTIVE_ARCH = YES;
				SDKROOT = macosx;
			};
			name = Debug;
		};
		F0447B7A224A5D1900B57D98 /* Release */ = {
			isa = XCBuildConfiguration;
			buildSettings = {
				ALWAYS_SEARCH_USER_PATHS = NO;
				CLANG_ANALYZER_NONNULL = YES;
				CLANG_ANALYZER_NUMBER_OBJECT_CONVERSION = YES_AGGRESSIVE;
				CLANG_CXX_LANGUAGE_STANDARD = "gnu++14";
				CLANG_CXX_LIBRARY = "libc++";
				CLANG_ENABLE_MODULES = YES;
				CLANG_ENABLE_OBJC_ARC = YES;
				CLANG_ENABLE_OBJC_WEAK = YES;
				CLANG_WARN_BLOCK_CAPTURE_AUTORELEASING = YES;
				CLANG_WARN_BOOL_CONVERSION = YES;
				CLANG_WARN_COMMA = YES;
				CLANG_WARN_CONSTANT_CONVERSION = YES;
				CLANG_WARN_DEPRECATED_OBJC_IMPLEMENTATIONS = YES;
				CLANG_WARN_DIRECT_OBJC_ISA_USAGE = YES_ERROR;
				CLANG_WARN_DOCUMENTATION_COMMENTS = YES;
				CLANG_WARN_EMPTY_BODY = YES;
				CLANG_WARN_ENUM_CONVERSION = YES;
				CLANG_WARN_INFINITE_RECURSION = YES;
				CLANG_WARN_INT_CONVERSION = YES;
				CLANG_WARN_NON_LITERAL_NULL_CONVERSION = YES;
				CLANG_WARN_OBJC_IMPLICIT_RETAIN_SELF = YES;
				CLANG_WARN_OBJC_LITERAL_CONVERSION = YES;
				CLANG_WARN_OBJC_ROOT_CLASS = YES_ERROR;
				CLANG_WARN_RANGE_LOOP_ANALYSIS = YES;
				CLANG_WARN_STRICT_PROTOTYPES = YES;
				CLANG_WARN_SUSPICIOUS_MOVE = YES;
				CLANG_WARN_UNGUARDED_AVAILABILITY = YES_AGGRESSIVE;
				CLANG_WARN_UNREACHABLE_CODE = YES;
				CLANG_WARN__DUPLICATE_METHOD_MATCH = YES;
				CODE_SIGN_IDENTITY = "-";
				COPY_PHASE_STRIP = NO;
				DEBUG_INFORMATION_FORMAT = "dwarf-with-dsym";
				ENABLE_NS_ASSERTIONS = NO;
				ENABLE_STRICT_OBJC_MSGSEND = YES;
				GCC_C_LANGUAGE_STANDARD = gnu11;
				GCC_NO_COMMON_BLOCKS = YES;
				GCC_WARN_64_TO_32_BIT_CONVERSION = YES;
				GCC_WARN_ABOUT_RETURN_TYPE = YES_ERROR;
				GCC_WARN_UNDECLARED_SELECTOR = YES;
				GCC_WARN_UNINITIALIZED_AUTOS = YES_AGGRESSIVE;
				GCC_WARN_UNUSED_FUNCTION = YES;
				GCC_WARN_UNUSED_VARIABLE = YES;
				MACOSX_DEPLOYMENT_TARGET = 10.14;
				MTL_ENABLE_DEBUG_INFO = NO;
				MTL_FAST_MATH = YES;
				SDKROOT = macosx;
			};
			name = Release;
		};
		F0447B7C224A5D1900B57D98 /* Debug */ = {
			isa = XCBuildConfiguration;
			buildSettings = {
				CODE_SIGN_IDENTITY = "Apple Development";
				CODE_SIGN_STYLE = Automatic;
				DEVELOPMENT_TEAM = 9K2XM38XLK;
				LIBRARY_SEARCH_PATHS = (
					"$(inherited)",
					"$(PROJECT_DIR)",
				);
				PRODUCT_NAME = "$(TARGET_NAME)";
			};
			name = Debug;
		};
		F0447B7D224A5D1900B57D98 /* Release */ = {
			isa = XCBuildConfiguration;
			buildSettings = {
				CODE_SIGN_IDENTITY = "Apple Development";
				CODE_SIGN_STYLE = Automatic;
				DEVELOPMENT_TEAM = 9K2XM38XLK;
				LIBRARY_SEARCH_PATHS = (
					"$(inherited)",
					"$(PROJECT_DIR)",
				);
				PRODUCT_NAME = "$(TARGET_NAME)";
			};
			name = Release;
		};
/* End XCBuildConfiguration section */

/* Begin XCConfigurationList section */
		F0447B6F224A5D1900B57D98 /* Build configuration list for PBXProject "HomeworkVerify" */ = {
			isa = XCConfigurationList;
			buildConfigurations = (
				F0447B79224A5D1900B57D98 /* Debug */,
				F0447B7A224A5D1900B57D98 /* Release */,
			);
			defaultConfigurationIsVisible = 0;
			defaultConfigurationName = Release;
		};
		F0447B7B224A5D1900B57D98 /* Build configuration list for PBXNativeTarget "HomeworkVerify" */ = {
			isa = XCConfigurationList;
			buildConfigurations = (
				F0447B7C224A5D1900B57D98 /* Debug */,
				F0447B7D224A5D1900B57D98 /* Release */,
			);
			defaultConfigurationIsVisible = 0;
			defaultConfigurationName = Release;
		};
/* End XCConfigurationList section */
	};
	rootObject = F0447B6C224A5D1900B57D98 /* Project object */;
}
